<?xml version="1.0" encoding="UTF-8"?>
<CONFIG>
  <ProjectOptions>
    <Version Value="10"/>
    <PathDelim Value="\"/>
    <General>
      <SessionStorage Value="InProjectDir"/>
      <MainUnit Value="0"/>
      <Title Value="brickUI"/>
      <ResourceType Value="res"/>
      <UseXPManifest Value="True"/>
      <XPManifest>
        <DpiAware Value="True"/>
      </XPManifest>
      <Icon Value="0"/>
      <Resources Count="1">
        <Resource_0 FileName="manifest.xml" Type="RCDATA" ResourceName="MANIFEST"/>
      </Resources>
    </General>
    <i18n>
      <EnableI18N LFM="False"/>
    </i18n>
    <VersionInfo>
      <StringTable ProductVersion=""/>
    </VersionInfo>
    <BuildModes Count="1">
      <Item1 Name="Default" Default="True"/>
    </BuildModes>
    <PublishOptions>
      <Version Value="2"/>
      <IncludeFileFilter Value="*.(pas|pp|inc|lfm|lpr|lrs|lpi|lpk|sh|xml)"/>
      <ExcludeFileFilter Value="*.(bak|ppu|o|so);*~;backup"/>
    </PublishOptions>
    <RunParams>
      <local>
        <FormatVersion Value="1"/>
      </local>
    </RunParams>
    <RequiredPackages Count="4">
      <Item1>
        <PackageName Value="dcpcrypt_laz"/>
      </Item1>
      <Item2>
        <PackageName Value="lnetvisual"/>
      </Item2>
      <Item3>
        <PackageName Value="FCL"/>
      </Item3>
      <Item4>
        <PackageName Value="LCL"/>
      </Item4>
    </RequiredPackages>
    <Units Count="72">
      <Unit0>
        <Filename Value="brickUI.lpr"/>
        <IsPartOfProject Value="True"/>
      </Unit0>
      <Unit1>
        <Filename Value="brickuimain.pas"/>
        <IsPartOfProject Value="True"/>
        <ComponentName Value="UI"/>
        <HasResources Value="True"/>
        <ResourceBaseClass Value="Form"/>
        <UnitName Value="brickUImain"/>
      </Unit1>
      <Unit2>
        <Filename Value="src\dglOpenGL.pas"/>
        <IsPartOfProject Value="True"/>
      </Unit2>
      <Unit3>
        <Filename Value="src\vectorgeometry.pas"/>
        <IsPartOfProject Value="True"/>
        <UnitName Value="VectorGeometry"/>
      </Unit3>
      <Unit4>
        <Filename Value="src\core_main.pas"/>
        <IsPartOfProject Value="True"/>
      </Unit4>
      <Unit5>
        <Filename Value="src\core_types.pas"/>
        <IsPartOfProject Value="True"/>
      </Unit5>
      <Unit6>
        <Filename Value="src\core_render.pas"/>
        <IsPartOfProject Value="True"/>
      </Unit6>
      <Unit7>
        <Filename Value="src\core_material_library.pas"/>
        <IsPartOfProject Value="True"/>
      </Unit7>
      <Unit8>
        <Filename Value="src\renderable_object_types.pas"/>
        <IsPartOfProject Value="True"/>
      </Unit8>
      <Unit9>
        <Filename Value="src\core_key_bindings.pas"/>
        <IsPartOfProject Value="True"/>
      </Unit9>
      <Unit10>
        <Filename Value="src\core_terrain_generator.pas"/>
        <IsPartOfProject Value="True"/>
      </Unit10>
      <Unit11>
        <Filename Value="src\core_camera.pas"/>
        <IsPartOfProject Value="True"/>
      </Unit11>
      <Unit12>
        <Filename Value="src\core_chunk.pas"/>
        <IsPartOfProject Value="True"/>
      </Unit12>
      <Unit13>
        <Filename Value="src\core_classes.pas"/>
        <IsPartOfProject Value="True"/>
      </Unit13>
      <Unit14>
        <Filename Value="src\core_utils.pas"/>
        <IsPartOfProject Value="True"/>
      </Unit14>
      <Unit15>
        <Filename Value="src\GeometryBB.pas"/>
        <IsPartOfProject Value="True"/>
      </Unit15>
      <Unit16>
        <Filename Value="toolbar_lights.pas"/>
        <IsPartOfProject Value="True"/>
        <ComponentName Value="toolbarLights"/>
        <HasResources Value="True"/>
        <ResourceBaseClass Value="Form"/>
      </Unit16>
      <Unit17>
        <Filename Value="toppanelunit.pas"/>
        <IsPartOfProject Value="True"/>
        <ComponentName Value="topPanel"/>
        <HasResources Value="True"/>
        <ResourceBaseClass Value="Form"/>
        <UnitName Value="topPanelUnit"/>
      </Unit17>
      <Unit18>
        <Filename Value="src\core_renderable.pas"/>
        <IsPartOfProject Value="True"/>
      </Unit18>
      <Unit19>
        <Filename Value="src\core_lights.pas"/>
        <IsPartOfProject Value="True"/>
      </Unit19>
      <Unit20>
        <Filename Value="src\core_gbuffer.pas"/>
        <IsPartOfProject Value="True"/>
        <UnitName Value="core_gBuffer"/>
      </Unit20>
      <Unit21>
        <Filename Value="src\core_forward_shaders.pas"/>
        <IsPartOfProject Value="True"/>
      </Unit21>
      <Unit22>
        <Filename Value="src\core_shader_program.pas"/>
        <IsPartOfProject Value="True"/>
      </Unit22>
      <Unit23>
        <Filename Value="src\core_editor.pas"/>
        <IsPartOfProject Value="True"/>
      </Unit23>
      <Unit24>
        <Filename Value="menu_pointlight.pas"/>
        <IsPartOfProject Value="True"/>
        <ComponentName Value="menuPointLight"/>
        <HasResources Value="True"/>
        <ResourceBaseClass Value="Form"/>
        <UnitName Value="menu_pointLight"/>
      </Unit24>
      <Unit25>
        <Filename Value="blockstoolbarunit.pas"/>
        <IsPartOfProject Value="True"/>
        <ComponentName Value="toolbarBlocks"/>
        <HasResources Value="True"/>
        <ResourceBaseClass Value="Form"/>
        <UnitName Value="blocksToolbarUnit"/>
      </Unit25>
      <Unit26>
        <Filename Value="src\core_defered_shaders.pas"/>
        <IsPartOfProject Value="True"/>
      </Unit26>
      <Unit27>
        <Filename Value="toolbar_brushes.pas"/>
        <IsPartOfProject Value="True"/>
        <ComponentName Value="toolbarBrushes"/>
        <HasResources Value="True"/>
        <ResourceBaseClass Value="Form"/>
      </Unit27>
      <Unit28>
        <Filename Value="src\core_block_brush.pas"/>
        <IsPartOfProject Value="True"/>
      </Unit28>
      <Unit29>
        <Filename Value="menu_brush_box.pas"/>
        <IsPartOfProject Value="True"/>
        <ComponentName Value="menuBrushBox"/>
        <HasResources Value="True"/>
        <ResourceBaseClass Value="Form"/>
      </Unit29>
      <Unit30>
        <Filename Value="toolbar_log.pas"/>
        <IsPartOfProject Value="True"/>
        <ComponentName Value="logForm"/>
        <HasResources Value="True"/>
        <ResourceBaseClass Value="Form"/>
      </Unit30>
      <Unit31>
        <Filename Value="toolbar_game_objs.pas"/>
        <IsPartOfProject Value="True"/>
        <ComponentName Value="toolbarGameObjs"/>
        <HasResources Value="True"/>
        <ResourceBaseClass Value="Form"/>
      </Unit31>
      <Unit32>
        <Filename Value="menu_rotate.pas"/>
        <IsPartOfProject Value="True"/>
        <ComponentName Value="menuRotate"/>
        <HasResources Value="True"/>
        <ResourceBaseClass Value="Form"/>
      </Unit32>
      <Unit33>
        <Filename Value="src\core_dynamic_object.pas"/>
        <IsPartOfProject Value="True"/>
      </Unit33>
      <Unit34>
        <Filename Value="src\core_mesh.pas"/>
        <IsPartOfProject Value="True"/>
      </Unit34>
      <Unit35>
        <Filename Value="src\core_texture.pas"/>
        <IsPartOfProject Value="True"/>
      </Unit35>
      <Unit36>
        <Filename Value="src\core_logic.pas"/>
        <IsPartOfProject Value="True"/>
      </Unit36>
      <Unit37>
        <Filename Value="src\core_actor.pas"/>
        <IsPartOfProject Value="True"/>
      </Unit37>
      <Unit38>
        <Filename Value="src\core_orders.pas"/>
        <IsPartOfProject Value="True"/>
      </Unit38>
      <Unit39>
        <Filename Value="src\core_sound.pas"/>
        <IsPartOfProject Value="True"/>
      </Unit39>
      <Unit40>
        <Filename Value="src\core_physics.pas"/>
        <IsPartOfProject Value="True"/>
      </Unit40>
      <Unit41>
        <Filename Value="toolbar_flat_units.pas"/>
        <IsPartOfProject Value="True"/>
        <ComponentName Value="toolbarFlats"/>
        <HasResources Value="True"/>
        <ResourceBaseClass Value="Form"/>
      </Unit41>
      <Unit42>
        <Filename Value="src\core_behaviour_tree.pas"/>
        <IsPartOfProject Value="True"/>
      </Unit42>
      <Unit43>
        <Filename Value="src\core_process.pas"/>
        <IsPartOfProject Value="True"/>
      </Unit43>
      <Unit44>
        <Filename Value="src\core_pathfinding.pas"/>
        <IsPartOfProject Value="True"/>
      </Unit44>
      <Unit45>
        <Filename Value="src\nxModel.pas"/>
        <IsPartOfProject Value="True"/>
      </Unit45>
      <Unit46>
        <Filename Value="src\perlinnoise.pas"/>
        <IsPartOfProject Value="True"/>
        <UnitName Value="PerlinNoise"/>
      </Unit46>
      <Unit47>
        <Filename Value="src\core_octree.pas"/>
        <IsPartOfProject Value="True"/>
      </Unit47>
      <Unit48>
        <Filename Value="toolbar_terrain.pas"/>
        <IsPartOfProject Value="True"/>
        <ComponentName Value="toolbarTerra"/>
        <HasResources Value="True"/>
        <ResourceBaseClass Value="Form"/>
      </Unit48>
      <Unit49>
        <Filename Value="toolbar_newmap.pas"/>
        <IsPartOfProject Value="True"/>
        <ComponentName Value="toolbarNewMap"/>
        <HasResources Value="True"/>
        <ResourceBaseClass Value="Form"/>
        <UnitName Value="toolbar_newMap"/>
      </Unit49>
      <Unit50>
        <Filename Value="src\core_plant_generator.pas"/>
        <IsPartOfProject Value="True"/>
      </Unit50>
      <Unit51>
        <Filename Value="src\stlpascal\gstack.pp"/>
        <IsPartOfProject Value="True"/>
      </Unit51>
      <Unit52>
        <Filename Value="src\core_lsystemhelper.pas"/>
        <IsPartOfProject Value="True"/>
        <UnitName Value="core_LSystemHelper"/>
      </Unit52>
      <Unit53>
        <Filename Value="src\stack.pas"/>
        <IsPartOfProject Value="True"/>
      </Unit53>
      <Unit54>
        <Filename Value="toolbar_plant_generator.pas"/>
        <IsPartOfProject Value="True"/>
        <ComponentName Value="toolbarPlantGen"/>
        <HasResources Value="True"/>
        <ResourceBaseClass Value="Form"/>
      </Unit54>
      <Unit55>
        <Filename Value="src\core_job.pas"/>
        <IsPartOfProject Value="True"/>
      </Unit55>
      <Unit56>
        <Filename Value="src\core_jump_point_search.pas"/>
        <IsPartOfProject Value="True"/>
      </Unit56>
      <Unit57>
        <Filename Value="src\astar3d_pathfinder.pas"/>
        <IsPartOfProject Value="True"/>
        <UnitName Value="astar3d_pathFinder"/>
      </Unit57>
      <Unit58>
        <Filename Value="src\core_listofrecords.pas"/>
        <IsPartOfProject Value="True"/>
      </Unit58>
      <Unit59>
        <Filename Value="src\core_ui.pas"/>
        <IsPartOfProject Value="True"/>
      </Unit59>
      <Unit60>
        <Filename Value="src\core_ui_controls.pas"/>
        <IsPartOfProject Value="True"/>
      </Unit60>
      <Unit61>
        <Filename Value="src\core_bullets.pas"/>
        <IsPartOfProject Value="True"/>
      </Unit61>
      <Unit62>
        <Filename Value="src\sunvox.pas"/>
        <IsPartOfProject Value="True"/>
      </Unit62>
      <Unit63>
        <Filename Value="src\core_game.pas"/>
        <IsPartOfProject Value="True"/>
      </Unit63>
      <Unit64>
        <Filename Value="map_properties_form.pas"/>
        <IsPartOfProject Value="True"/>
        <ComponentName Value="mapProperties"/>
        <HasResources Value="True"/>
        <ResourceBaseClass Value="Form"/>
      </Unit64>
      <Unit65>
        <Filename Value="src\core_weapons.pas"/>
        <IsPartOfProject Value="True"/>
      </Unit65>
      <Unit66>
        <Filename Value="src\core_atmosphere.pas"/>
        <IsPartOfProject Value="True"/>
      </Unit66>
      <Unit67>
        <Filename Value="src\core_text_reader.pas"/>
        <IsPartOfProject Value="True"/>
      </Unit67>
      <Unit68>
        <Filename Value="core_player.pas"/>
        <IsPartOfProject Value="True"/>
      </Unit68>
      <Unit69>
        <Filename Value="src\core_input.pas"/>
        <IsPartOfProject Value="True"/>
      </Unit69>
      <Unit70>
        <Filename Value="ui\ui_list_of_actors.pas"/>
        <IsPartOfProject Value="True"/>
        <ComponentName Value="actorsListForm"/>
        <HasResources Value="True"/>
        <ResourceBaseClass Value="Form"/>
      </Unit70>
      <Unit71>
        <Filename Value="src\TicketSpinlock\fifoqueue_mpmc.pas"/>
        <IsPartOfProject Value="True"/>
        <UnitName Value="FIFOQUEUE_MPMC"/>
      </Unit71>
    </Units>
  </ProjectOptions>
  <CompilerOptions>
    <Version Value="11"/>
    <PathDelim Value="\"/>
    <Target>
      <Filename Value="bin\brickUI"/>
    </Target>
    <SearchPaths>
      <IncludeFiles Value="$(ProjOutDir)"/>
      <OtherUnitFiles Value="src;ui;src\TicketSpinlock;src\stlpascal;src\dcrypt\Hashes;src\dcrypt\Ciphers;src\dcrypt;src\bitmapLabel"/>
      <UnitOutputDirectory Value="lib\$(TargetCPU)-$(TargetOS)"/>
    </SearchPaths>
    <Parsing>
      <SyntaxOptions>
        <AllowLabel Value="False"/>
      </SyntaxOptions>
    </Parsing>
    <Linking>
      <Options>
        <Win32>
          <GraphicApplication Value="True"/>
        </Win32>
      </Options>
    </Linking>
  </CompilerOptions>
  <Debugging>
    <Exceptions Count="3">
      <Item1>
        <Name Value="EAbort"/>
      </Item1>
      <Item2>
        <Name Value="ECodetoolError"/>
      </Item2>
      <Item3>
        <Name Value="EFOpenError"/>
      </Item3>
    </Exceptions>
  </Debugging>
</CONFIG>
